
Microsoft Visual Studio Solution File, Format Version 12.00
Project("{FAE04EC0-301F-11D3-BF4B-00C04F79EFBC}") = "AluraCSharp", "AluraCSharp\AluraCSharp.csproj", "{DA5C12D5-AC62-4937-8178-A0AC85938314}"
EndProject
Global
	GlobalSection(SolutionConfigurationPlatforms) = preSolution
		Debug|Any CPU = Debug|Any CPU
		Release|Any CPU = Release|Any CPU
	EndGlobalSection
	GlobalSection(ProjectConfigurationPlatforms) = postSolution
		{DA5C12D5-AC62-4937-8178-A0AC85938314}.Debug|Any CPU.ActiveCfg = Debug|Any CPU
		{DA5C12D5-AC62-4937-8178-A0AC85938314}.Debug|Any CPU.Build.0 = Debug|Any CPU
		{DA5C12D5-AC62-4937-8178-A0AC85938314}.Release|Any CPU.ActiveCfg = Release|Any CPU
		{DA5C12D5-AC62-4937-8178-A0AC85938314}.Release|Any CPU.Build.0 = Release|Any CPU
	EndGlobalSection
EndGlobal
